
Microsoft Visual Studio Solution File, Format Version 12.00
# Visual Studio Version 18
VisualStudioVersion = 18.7.11925.98
MinimumVisualStudioVersion = 10.0.40219.1
Project("{FAE04EC0-301F-11D3-BF4B-00C04F79EFBC}") = "AMES.Pop", "03_Pop\AMES.Pop\AMES.Pop.csproj", "{A44539DD-32E3-479D-B617-8038A4C3E8F3}"
EndProject
Project("{2150E333-8FDC-42A3-9474-1A3956D46DE8}") = "01_Shared", "01_Shared", "{9A42AFDA-9D3D-D813-9E0D-5C58B88794A7}"
EndProject
Project("{FAE04EC0-301F-11D3-BF4B-00C04F79EFBC}") = "AMES.Contracts", "01_Shared\AMES.Contracts\AMES.Contracts.csproj", "{0E3568DE-8F9A-413E-BFE7-ADA3F34C0555}"
EndProject
Project("{FAE04EC0-301F-11D3-BF4B-00C04F79EFBC}") = "AMES.Data", "02_Data\AMES.Data\AMES.Data.csproj", "{94D8B0C7-A251-4E09-ABED-6F8761AF88F2}"
EndProject
Project("{2150E333-8FDC-42A3-9474-1A3956D46DE8}") = "04_Api", "04_Api", "{F2207FDC-2D7C-5BD1-0EA6-A03B54621156}"
EndProject
Project("{FAE04EC0-301F-11D3-BF4B-00C04F79EFBC}") = "AMES.Api", "04_Api\AMES.Api\AMES.Api.csproj", "{ACE70906-BFE9-4718-9812-5DDDAA4007E6}"
EndProject
Project("{FAE04EC0-301F-11D3-BF4B-00C04F79EFBC}") = "AMES.Pda", "05_Pda\AMES.Pda\AMES.Pda.csproj", "{7A897B55-DC38-4F38-B53B-1462CA525F15}"
EndProject
Project("{2150E333-8FDC-42A3-9474-1A3956D46DE8}") = "06_Web", "06_Web", "{80F5DF29-9087-1192-413E-5B0D6273962A}"
EndProject
Project("{FAE04EC0-301F-11D3-BF4B-00C04F79EFBC}") = "AMES.Web", "06_Web\AMES.Web\AMES.Web.csproj", "{E9DE5683-CC2E-4D38-BF39-C7ADE4D98076}"
EndProject
Project("{FAE04EC0-301F-11D3-BF4B-00C04F79EFBC}") = "AMES.Devices", "01_Shared\AMES.Devices\AMES.Devices.csproj", "{753A867A-A7AE-4D4E-8EC9-65DC91FAD54F}"
EndProject
Project("{2150E333-8FDC-42A3-9474-1A3956D46DE8}") = "07_Etc", "07_Etc", "{17DA0CB3-F686-12B0-FB73-9931AF6F9E6D}"
EndProject
Project("{FAE04EC0-301F-11D3-BF4B-00C04F79EFBC}") = "AMES.InjAgent", "07_Etc\AMES.InjAgent\AMES.InjAgent.csproj", "{2FC6891C-4A63-4D5D-8690-D67E4F7AB21A}"
EndProject
Project("{FAE04EC0-301F-11D3-BF4B-00C04F79EFBC}") = "AMES.InjAgent.Tests", "07_Etc\AMES.InjAgent.Tests\AMES.InjAgent.Tests.csproj", "{B97683AF-8449-4F33-ADD2-109FEB1BED31}"
EndProject
Global
	GlobalSection(SolutionConfigurationPlatforms) = preSolution
		Debug|Any CPU = Debug|Any CPU
		Debug|x64 = Debug|x64
		Debug|x86 = Debug|x86
		Release|Any CPU = Release|Any CPU
		Release|x64 = Release|x64
		Release|x86 = Release|x86
	EndGlobalSection
	GlobalSection(ProjectConfigurationPlatforms) = postSolution
		{A44539DD-32E3-479D-B617-8038A4C3E8F3}.Debug|Any CPU.ActiveCfg = Debug|Any CPU
		{A44539DD-32E3-479D-B617-8038A4C3E8F3}.Debug|x64.ActiveCfg = Debug|Any CPU
		{A44539DD-32E3-479D-B617-8038A4C3E8F3}.Debug|x64.Build.0 = Debug|Any CPU
		{A44539DD-32E3-479D-B617-8038A4C3E8F3}.Debug|x86.ActiveCfg = Debug|Any CPU
		{A44539DD-32E3-479D-B617-8038A4C3E8F3}.Debug|x86.Build.0 = Debug|Any CPU
		{A44539DD-32E3-479D-B617-8038A4C3E8F3}.Release|Any CPU.ActiveCfg = Release|Any CPU
		{A44539DD-32E3-479D-B617-8038A4C3E8F3}.Release|Any CPU.Build.0 = Release|Any CPU
		{A44539DD-32E3-479D-B617-8038A4C3E8F3}.Release|x64.ActiveCfg = Release|Any CPU
		{A44539DD-32E3-479D-B617-8038A4C3E8F3}.Release|x64.Build.0 = Release|Any CPU
		{A44539DD-32E3-479D-B617-8038A4C3E8F3}.Release|x86.ActiveCfg = Release|Any CPU
		{A44539DD-32E3-479D-B617-8038A4C3E8F3}.Release|x86.Build.0 = Release|Any CPU
		{0E3568DE-8F9A-413E-BFE7-ADA3F34C0555}.Debug|Any CPU.ActiveCfg = Debug|Any CPU
		{0E3568DE-8F9A-413E-BFE7-ADA3F34C0555}.Debug|Any CPU.Build.0 = Debug|Any CPU
		{0E3568DE-8F9A-413E-BFE7-ADA3F34C0555}.Debug|x64.ActiveCfg = Debug|Any CPU
		{0E3568DE-8F9A-413E-BFE7-ADA3F34C0555}.Debug|x64.Build.0 = Debug|Any CPU
		{0E3568DE-8F9A-413E-BFE7-ADA3F34C0555}.Debug|x86.ActiveCfg = Debug|Any CPU
		{0E3568DE-8F9A-413E-BFE7-ADA3F34C0555}.Debug|x86.Build.0 = Debug|Any CPU
		{0E3568DE-8F9A-413E-BFE7-ADA3F34C0555}.Release|Any CPU.ActiveCfg = Release|Any CPU
		{0E3568DE-8F9A-413E-BFE7-ADA3F34C0555}.Release|Any CPU.Build.0 = Release|Any CPU
		{0E3568DE-8F9A-413E-BFE7-ADA3F34C0555}.Release|x64.ActiveCfg = Release|Any CPU
		{0E3568DE-8F9A-413E-BFE7-ADA3F34C0555}.Release|x64.Build.0 = Release|Any CPU
		{0E3568DE-8F9A-413E-BFE7-ADA3F34C0555}.Release|x86.ActiveCfg = Release|Any CPU
		{0E3568DE-8F9A-413E-BFE7-ADA3F34C0555}.Release|x86.Build.0 = Release|Any CPU
		{94D8B0C7-A251-4E09-ABED-6F8761AF88F2}.Debug|Any CPU.ActiveCfg = Debug|Any CPU
		{94D8B0C7-A251-4E09-ABED-6F8761AF88F2}.Debug|Any CPU.Build.0 = Debug|Any CPU
		{94D8B0C7-A251-4E09-ABED-6F8761AF88F2}.Debug|x64.ActiveCfg = Debug|Any CPU
		{94D8B0C7-A251-4E09-ABED-6F8761AF88F2}.Debug|x64.Build.0 = Debug|Any CPU
		{94D8B0C7-A251-4E09-ABED-6F8761AF88F2}.Debug|x86.ActiveCfg = Debug|Any CPU
		{94D8B0C7-A251-4E09-ABED-6F8761AF88F2}.Debug|x86.Build.0 = Debug|Any CPU
		{94D8B0C7-A251-4E09-ABED-6F8761AF88F2}.Release|Any CPU.ActiveCfg = Release|Any CPU
		{94D8B0C7-A251-4E09-ABED-6F8761AF88F2}.Release|Any CPU.Build.0 = Release|Any CPU
		{94D8B0C7-A251-4E09-ABED-6F8761AF88F2}.Release|x64.ActiveCfg = Release|Any CPU
		{94D8B0C7-A251-4E09-ABED-6F8761AF88F2}.Release|x64.Build.0 = Release|Any CPU
		{94D8B0C7-A251-4E09-ABED-6F8761AF88F2}.Release|x86.ActiveCfg = Release|Any CPU
		{94D8B0C7-A251-4E09-ABED-6F8761AF88F2}.Release|x86.Build.0 = Release|Any CPU
		{ACE70906-BFE9-4718-9812-5DDDAA4007E6}.Debug|Any CPU.ActiveCfg = Debug|Any CPU
		{ACE70906-BFE9-4718-9812-5DDDAA4007E6}.Debug|x64.ActiveCfg = Debug|Any CPU
		{ACE70906-BFE9-4718-9812-5DDDAA4007E6}.Debug|x64.Build.0 = Debug|Any CPU
		{ACE70906-BFE9-4718-9812-5DDDAA4007E6}.Debug|x86.ActiveCfg = Debug|Any CPU
		{ACE70906-BFE9-4718-9812-5DDDAA4007E6}.Debug|x86.Build.0 = Debug|Any CPU
		{ACE70906-BFE9-4718-9812-5DDDAA4007E6}.Release|Any CPU.ActiveCfg = Release|Any CPU
		{ACE70906-BFE9-4718-9812-5DDDAA4007E6}.Release|Any CPU.Build.0 = Release|Any CPU
		{ACE70906-BFE9-4718-9812-5DDDAA4007E6}.Release|x64.ActiveCfg = Release|Any CPU
		{ACE70906-BFE9-4718-9812-5DDDAA4007E6}.Release|x64.Build.0 = Release|Any CPU
		{ACE70906-BFE9-4718-9812-5DDDAA4007E6}.Release|x86.ActiveCfg = Release|Any CPU
		{ACE70906-BFE9-4718-9812-5DDDAA4007E6}.Release|x86.Build.0 = Release|Any CPU
		{7A897B55-DC38-4F38-B53B-1462CA525F15}.Debug|Any CPU.ActiveCfg = Debug|Any CPU
		{7A897B55-DC38-4F38-B53B-1462CA525F15}.Debug|x64.ActiveCfg = Debug|Any CPU
		{7A897B55-DC38-4F38-B53B-1462CA525F15}.Debug|x64.Build.0 = Debug|Any CPU
		{7A897B55-DC38-4F38-B53B-1462CA525F15}.Debug|x86.ActiveCfg = Debug|Any CPU
		{7A897B55-DC38-4F38-B53B-1462CA525F15}.Debug|x86.Build.0 = Debug|Any CPU
		{7A897B55-DC38-4F38-B53B-1462CA525F15}.Release|Any CPU.ActiveCfg = Release|Any CPU
		{7A897B55-DC38-4F38-B53B-1462CA525F15}.Release|Any CPU.Build.0 = Release|Any CPU
		{7A897B55-DC38-4F38-B53B-1462CA525F15}.Release|x64.ActiveCfg = Release|Any CPU
		{7A897B55-DC38-4F38-B53B-1462CA525F15}.Release|x64.Build.0 = Release|Any CPU
		{7A897B55-DC38-4F38-B53B-1462CA525F15}.Release|x86.ActiveCfg = Release|Any CPU
		{7A897B55-DC38-4F38-B53B-1462CA525F15}.Release|x86.Build.0 = Release|Any CPU
		{E9DE5683-CC2E-4D38-BF39-C7ADE4D98076}.Debug|Any CPU.ActiveCfg = Debug|Any CPU
		{E9DE5683-CC2E-4D38-BF39-C7ADE4D98076}.Debug|Any CPU.Build.0 = Debug|Any CPU
		{E9DE5683-CC2E-4D38-BF39-C7ADE4D98076}.Debug|x64.ActiveCfg = Debug|Any CPU
		{E9DE5683-CC2E-4D38-BF39-C7ADE4D98076}.Debug|x64.Build.0 = Debug|Any CPU
		{E9DE5683-CC2E-4D38-BF39-C7ADE4D98076}.Debug|x86.ActiveCfg = Debug|Any CPU
		{E9DE5683-CC2E-4D38-BF39-C7ADE4D98076}.Debug|x86.Build.0 = Debug|Any CPU
		{E9DE5683-CC2E-4D38-BF39-C7ADE4D98076}.Release|Any CPU.ActiveCfg = Release|Any CPU
		{E9DE5683-CC2E-4D38-BF39-C7ADE4D98076}.Release|Any CPU.Build.0 = Release|Any CPU
		{E9DE5683-CC2E-4D38-BF39-C7ADE4D98076}.Release|x64.ActiveCfg = Release|Any CPU
		{E9DE5683-CC2E-4D38-BF39-C7ADE4D98076}.Release|x64.Build.0 = Release|Any CPU
		{E9DE5683-CC2E-4D38-BF39-C7ADE4D98076}.Release|x86.ActiveCfg = Release|Any CPU
		{E9DE5683-CC2E-4D38-BF39-C7ADE4D98076}.Release|x86.Build.0 = Release|Any CPU
		{753A867A-A7AE-4D4E-8EC9-65DC91FAD54F}.Debug|Any CPU.ActiveCfg = Debug|Any CPU
		{753A867A-A7AE-4D4E-8EC9-65DC91FAD54F}.Debug|Any CPU.Build.0 = Debug|Any CPU
		{753A867A-A7AE-4D4E-8EC9-65DC91FAD54F}.Debug|x64.ActiveCfg = Debug|Any CPU
		{753A867A-A7AE-4D4E-8EC9-65DC91FAD54F}.Debug|x64.Build.0 = Debug|Any CPU
		{753A867A-A7AE-4D4E-8EC9-65DC91FAD54F}.Debug|x86.ActiveCfg = Debug|Any CPU
		{753A867A-A7AE-4D4E-8EC9-65DC91FAD54F}.Debug|x86.Build.0 = Debug|Any CPU
		{753A867A-A7AE-4D4E-8EC9-65DC91FAD54F}.Release|Any CPU.ActiveCfg = Release|Any CPU
		{753A867A-A7AE-4D4E-8EC9-65DC91FAD54F}.Release|Any CPU.Build.0 = Release|Any CPU
		{753A867A-A7AE-4D4E-8EC9-65DC91FAD54F}.Release|x64.ActiveCfg = Release|Any CPU
		{753A867A-A7AE-4D4E-8EC9-65DC91FAD54F}.Release|x64.Build.0 = Release|Any CPU
		{753A867A-A7AE-4D4E-8EC9-65DC91FAD54F}.Release|x86.ActiveCfg = Release|Any CPU
		{753A867A-A7AE-4D4E-8EC9-65DC91FAD54F}.Release|x86.Build.0 = Release|Any CPU
		{2FC6891C-4A63-4D5D-8690-D67E4F7AB21A}.Debug|Any CPU.ActiveCfg = Debug|Any CPU
		{2FC6891C-4A63-4D5D-8690-D67E4F7AB21A}.Debug|Any CPU.Build.0 = Debug|Any CPU
		{2FC6891C-4A63-4D5D-8690-D67E4F7AB21A}.Debug|x64.ActiveCfg = Debug|Any CPU
		{2FC6891C-4A63-4D5D-8690-D67E4F7AB21A}.Debug|x64.Build.0 = Debug|Any CPU
		{2FC6891C-4A63-4D5D-8690-D67E4F7AB21A}.Debug|x86.ActiveCfg = Debug|Any CPU
		{2FC6891C-4A63-4D5D-8690-D67E4F7AB21A}.Debug|x86.Build.0 = Debug|Any CPU
		{2FC6891C-4A63-4D5D-8690-D67E4F7AB21A}.Release|Any CPU.ActiveCfg = Release|Any CPU
		{2FC6891C-4A63-4D5D-8690-D67E4F7AB21A}.Release|Any CPU.Build.0 = Release|Any CPU
		{2FC6891C-4A63-4D5D-8690-D67E4F7AB21A}.Release|x64.ActiveCfg = Release|Any CPU
		{2FC6891C-4A63-4D5D-8690-D67E4F7AB21A}.Release|x64.Build.0 = Release|Any CPU
		{2FC6891C-4A63-4D5D-8690-D67E4F7AB21A}.Release|x86.ActiveCfg = Release|Any CPU
		{2FC6891C-4A63-4D5D-8690-D67E4F7AB21A}.Release|x86.Build.0 = Release|Any CPU
		{B97683AF-8449-4F33-ADD2-109FEB1BED31}.Debug|Any CPU.ActiveCfg = Debug|Any CPU
		{B97683AF-8449-4F33-ADD2-109FEB1BED31}.Debug|Any CPU.Build.0 = Debug|Any CPU
		{B97683AF-8449-4F33-ADD2-109FEB1BED31}.Debug|x64.ActiveCfg = Debug|Any CPU
		{B97683AF-8449-4F33-ADD2-109FEB1BED31}.Debug|x64.Build.0 = Debug|Any CPU
		{B97683AF-8449-4F33-ADD2-109FEB1BED31}.Debug|x86.ActiveCfg = Debug|Any CPU
		{B97683AF-8449-4F33-ADD2-109FEB1BED31}.Debug|x86.Build.0 = Debug|Any CPU
		{B97683AF-8449-4F33-ADD2-109FEB1BED31}.Release|Any CPU.ActiveCfg = Release|Any CPU
		{B97683AF-8449-4F33-ADD2-109FEB1BED31}.Release|Any CPU.Build.0 = Release|Any CPU
		{B97683AF-8449-4F33-ADD2-109FEB1BED31}.Release|x64.ActiveCfg = Release|Any CPU
		{B97683AF-8449-4F33-ADD2-109FEB1BED31}.Release|x64.Build.0 = Release|Any CPU
		{B97683AF-8449-4F33-ADD2-109FEB1BED31}.Release|x86.ActiveCfg = Release|Any CPU
		{B97683AF-8449-4F33-ADD2-109FEB1BED31}.Release|x86.Build.0 = Release|Any CPU
	EndGlobalSection
	GlobalSection(SolutionProperties) = preSolution
		HideSolutionNode = FALSE
	EndGlobalSection
	GlobalSection(NestedProjects) = preSolution
		{A44539DD-32E3-479D-B617-8038A4C3E8F3} = {9A42AFDA-9D3D-D813-9E0D-5C58B88794A7}
		{0E3568DE-8F9A-413E-BFE7-ADA3F34C0555} = {9A42AFDA-9D3D-D813-9E0D-5C58B88794A7}
		{94D8B0C7-A251-4E09-ABED-6F8761AF88F2} = {9A42AFDA-9D3D-D813-9E0D-5C58B88794A7}
		{ACE70906-BFE9-4718-9812-5DDDAA4007E6} = {F2207FDC-2D7C-5BD1-0EA6-A03B54621156}
		{7A897B55-DC38-4F38-B53B-1462CA525F15} = {F2207FDC-2D7C-5BD1-0EA6-A03B54621156}
		{E9DE5683-CC2E-4D38-BF39-C7ADE4D98076} = {80F5DF29-9087-1192-413E-5B0D6273962A}
		{753A867A-A7AE-4D4E-8EC9-65DC91FAD54F} = {9A42AFDA-9D3D-D813-9E0D-5C58B88794A7}
		{2FC6891C-4A63-4D5D-8690-D67E4F7AB21A} = {17DA0CB3-F686-12B0-FB73-9931AF6F9E6D}
		{B97683AF-8449-4F33-ADD2-109FEB1BED31} = {17DA0CB3-F686-12B0-FB73-9931AF6F9E6D}
	EndGlobalSection
EndGlobal
