
Microsoft Visual Studio Solution File, Format Version 12.00
# Visual Studio Version 17
VisualStudioVersion = 17.0.31903.59
MinimumVisualStudioVersion = 10.0.40219.1
Project("{2150E333-8FDC-42A3-9474-1A3956D46DE8}") = "01_Shared", "01_Shared", "{9A42AFDA-9D3D-D813-9E0D-5C58B88794A7}"
EndProject
Project("{FAE04EC0-301F-11D3-BF4B-00C04F79EFBC}") = "AMES.Contracts", "01_Shared\AMES.Contracts\AMES.Contracts.csproj", "{0E3568DE-8F9A-413E-BFE7-ADA3F34C0555}"
EndProject
Project("{FAE04EC0-301F-11D3-BF4B-00C04F79EFBC}") = "AMES.Data", "02_Data\AMES.Data\AMES.Data.csproj", "{94D8B0C7-A251-4E09-ABED-6F8761AF88F2}"
EndProject
Project("{FAE04EC0-301F-11D3-BF4B-00C04F79EFBC}") = "AMES.Pop", "03_Pop\AMES.Pop\AMES.Pop.csproj", "{A44539DD-32E3-479D-B617-8038A4C3E8F3}"
EndProject
Global
	GlobalSection(SolutionConfigurationPlatforms) = preSolution
		Debug|Any CPU = Debug|Any CPU
		Debug|x64 = Debug|x64
		Debug|x86 = Debug|x86
		Release|Any CPU = Release|Any CPU
		Release|x64 = Release|x64
		Release|x86 = Release|x86
	EndGlobalSection
	GlobalSection(ProjectConfigurationPlatforms) = postSolution
		{0E3568DE-8F9A-413E-BFE7-ADA3F34C0555}.Debug|Any CPU.ActiveCfg = Debug|Any CPU
		{0E3568DE-8F9A-413E-BFE7-ADA3F34C0555}.Debug|Any CPU.Build.0 = Debug|Any CPU
		{0E3568DE-8F9A-413E-BFE7-ADA3F34C0555}.Debug|x64.ActiveCfg = Debug|Any CPU
		{0E3568DE-8F9A-413E-BFE7-ADA3F34C0555}.Debug|x64.Build.0 = Debug|Any CPU
		{0E3568DE-8F9A-413E-BFE7-ADA3F34C0555}.Debug|x86.ActiveCfg = Debug|Any CPU
		{0E3568DE-8F9A-413E-BFE7-ADA3F34C0555}.Debug|x86.Build.0 = Debug|Any CPU
		{0E3568DE-8F9A-413E-BFE7-ADA3F34C0555}.Release|Any CPU.ActiveCfg = Release|Any CPU
		{0E3568DE-8F9A-413E-BFE7-ADA3F34C0555}.Release|Any CPU.Build.0 = Release|Any CPU
		{0E3568DE-8F9A-413E-BFE7-ADA3F34C0555}.Release|x64.ActiveCfg = Release|Any CPU
		{0E3568DE-8F9A-413E-BFE7-ADA3F34C0555}.Release|x64.Build.0 = Release|Any CPU
		{0E3568DE-8F9A-413E-BFE7-ADA3F34C0555}.Release|x86.ActiveCfg = Release|Any CPU
		{0E3568DE-8F9A-413E-BFE7-ADA3F34C0555}.Release|x86.Build.0 = Release|Any CPU
		{94D8B0C7-A251-4E09-ABED-6F8761AF88F2}.Debug|Any CPU.ActiveCfg = Debug|Any CPU
		{94D8B0C7-A251-4E09-ABED-6F8761AF88F2}.Debug|Any CPU.Build.0 = Debug|Any CPU
		{94D8B0C7-A251-4E09-ABED-6F8761AF88F2}.Debug|x64.ActiveCfg = Debug|Any CPU
		{94D8B0C7-A251-4E09-ABED-6F8761AF88F2}.Debug|x64.Build.0 = Debug|Any CPU
		{94D8B0C7-A251-4E09-ABED-6F8761AF88F2}.Debug|x86.ActiveCfg = Debug|Any CPU
		{94D8B0C7-A251-4E09-ABED-6F8761AF88F2}.Debug|x86.Build.0 = Debug|Any CPU
		{94D8B0C7-A251-4E09-ABED-6F8761AF88F2}.Release|Any CPU.ActiveCfg = Release|Any CPU
		{94D8B0C7-A251-4E09-ABED-6F8761AF88F2}.Release|Any CPU.Build.0 = Release|Any CPU
		{94D8B0C7-A251-4E09-ABED-6F8761AF88F2}.Release|x64.ActiveCfg = Release|Any CPU
		{94D8B0C7-A251-4E09-ABED-6F8761AF88F2}.Release|x64.Build.0 = Release|Any CPU
		{94D8B0C7-A251-4E09-ABED-6F8761AF88F2}.Release|x86.ActiveCfg = Release|Any CPU
		{94D8B0C7-A251-4E09-ABED-6F8761AF88F2}.Release|x86.Build.0 = Release|Any CPU
		{A44539DD-32E3-479D-B617-8038A4C3E8F3}.Debug|Any CPU.ActiveCfg = Debug|Any CPU
		{A44539DD-32E3-479D-B617-8038A4C3E8F3}.Debug|Any CPU.Build.0 = Debug|Any CPU
		{A44539DD-32E3-479D-B617-8038A4C3E8F3}.Debug|x64.ActiveCfg = Debug|Any CPU
		{A44539DD-32E3-479D-B617-8038A4C3E8F3}.Debug|x64.Build.0 = Debug|Any CPU
		{A44539DD-32E3-479D-B617-8038A4C3E8F3}.Debug|x86.ActiveCfg = Debug|Any CPU
		{A44539DD-32E3-479D-B617-8038A4C3E8F3}.Debug|x86.Build.0 = Debug|Any CPU
		{A44539DD-32E3-479D-B617-8038A4C3E8F3}.Release|Any CPU.ActiveCfg = Release|Any CPU
		{A44539DD-32E3-479D-B617-8038A4C3E8F3}.Release|Any CPU.Build.0 = Release|Any CPU
		{A44539DD-32E3-479D-B617-8038A4C3E8F3}.Release|x64.ActiveCfg = Release|Any CPU
		{A44539DD-32E3-479D-B617-8038A4C3E8F3}.Release|x64.Build.0 = Release|Any CPU
		{A44539DD-32E3-479D-B617-8038A4C3E8F3}.Release|x86.ActiveCfg = Release|Any CPU
		{A44539DD-32E3-479D-B617-8038A4C3E8F3}.Release|x86.Build.0 = Release|Any CPU
	EndGlobalSection
	GlobalSection(SolutionProperties) = preSolution
		HideSolutionNode = FALSE
	EndGlobalSection
	GlobalSection(NestedProjects) = preSolution
		{0E3568DE-8F9A-413E-BFE7-ADA3F34C0555} = {9A42AFDA-9D3D-D813-9E0D-5C58B88794A7}
		{94D8B0C7-A251-4E09-ABED-6F8761AF88F2} = {9A42AFDA-9D3D-D813-9E0D-5C58B88794A7}
		{A44539DD-32E3-479D-B617-8038A4C3E8F3} = {9A42AFDA-9D3D-D813-9E0D-5C58B88794A7}
	EndGlobalSection
EndGlobal
